
Microsoft Visual Studio Solution File, Format Version 12.00
# Visual Studio Version 17
VisualStudioVersion = 17.2.32616.157
MinimumVisualStudioVersion = 10.0.40219.1
Project("{FAE04EC0-301F-11D3-BF4B-00C04F79EFBC}") = "Entities", "Entities\Entities.csproj", "{999B6E97-0F1A-4659-896F-31B1FA533583}"
EndProject
Project("{FAE04EC0-301F-11D3-BF4B-00C04F79EFBC}") = "DataAccess", "DataAccess\DataAccess.csproj", "{EA41BBDD-FCB5-424A-86F1-3B10E59AC6D9}"
EndProject
Project("{FAE04EC0-301F-11D3-BF4B-00C04F79EFBC}") = "Core", "Core\Core.csproj", "{56FE498D-1CF0-4D28-AD3F-215C6FD83E5D}"
EndProject
Project("{FAE04EC0-301F-11D3-BF4B-00C04F79EFBC}") = "WebApi", "WebApi\WebApi.csproj", "{36F47324-5925-461A-A95A-C0CC11F9A628}"
EndProject
Project("{FAE04EC0-301F-11D3-BF4B-00C04F79EFBC}") = "Business", "Business\Business.csproj", "{9FA5A722-258D-44E5-AA06-EFAF4FC0162B}"
EndProject
Global
	GlobalSection(SolutionConfigurationPlatforms) = preSolution
		Debug|Any CPU = Debug|Any CPU
		Release|Any CPU = Release|Any CPU
	EndGlobalSection
	GlobalSection(ProjectConfigurationPlatforms) = postSolution
		{999B6E97-0F1A-4659-896F-31B1FA533583}.Debug|Any CPU.ActiveCfg = Debug|Any CPU
		{999B6E97-0F1A-4659-896F-31B1FA533583}.Debug|Any CPU.Build.0 = Debug|Any CPU
		{999B6E97-0F1A-4659-896F-31B1FA533583}.Release|Any CPU.ActiveCfg = Release|Any CPU
		{999B6E97-0F1A-4659-896F-31B1FA533583}.Release|Any CPU.Build.0 = Release|Any CPU
		{EA41BBDD-FCB5-424A-86F1-3B10E59AC6D9}.Debug|Any CPU.ActiveCfg = Debug|Any CPU
		{EA41BBDD-FCB5-424A-86F1-3B10E59AC6D9}.Debug|Any CPU.Build.0 = Debug|Any CPU
		{EA41BBDD-FCB5-424A-86F1-3B10E59AC6D9}.Release|Any CPU.ActiveCfg = Release|Any CPU
		{EA41BBDD-FCB5-424A-86F1-3B10E59AC6D9}.Release|Any CPU.Build.0 = Release|Any CPU
		{56FE498D-1CF0-4D28-AD3F-215C6FD83E5D}.Debug|Any CPU.ActiveCfg = Debug|Any CPU
		{56FE498D-1CF0-4D28-AD3F-215C6FD83E5D}.Debug|Any CPU.Build.0 = Debug|Any CPU
		{56FE498D-1CF0-4D28-AD3F-215C6FD83E5D}.Release|Any CPU.ActiveCfg = Release|Any CPU
		{56FE498D-1CF0-4D28-AD3F-215C6FD83E5D}.Release|Any CPU.Build.0 = Release|Any CPU
		{36F47324-5925-461A-A95A-C0CC11F9A628}.Debug|Any CPU.ActiveCfg = Debug|Any CPU
		{36F47324-5925-461A-A95A-C0CC11F9A628}.Debug|Any CPU.Build.0 = Debug|Any CPU
		{36F47324-5925-461A-A95A-C0CC11F9A628}.Release|Any CPU.ActiveCfg = Release|Any CPU
		{36F47324-5925-461A-A95A-C0CC11F9A628}.Release|Any CPU.Build.0 = Release|Any CPU
		{9FA5A722-258D-44E5-AA06-EFAF4FC0162B}.Debug|Any CPU.ActiveCfg = Debug|Any CPU
		{9FA5A722-258D-44E5-AA06-EFAF4FC0162B}.Debug|Any CPU.Build.0 = Debug|Any CPU
		{9FA5A722-258D-44E5-AA06-EFAF4FC0162B}.Release|Any CPU.ActiveCfg = Release|Any CPU
		{9FA5A722-258D-44E5-AA06-EFAF4FC0162B}.Release|Any CPU.Build.0 = Release|Any CPU
	EndGlobalSection
	GlobalSection(SolutionProperties) = preSolution
		HideSolutionNode = FALSE
	EndGlobalSection
	GlobalSection(ExtensibilityGlobals) = postSolution
		SolutionGuid = {8A22AA5E-B823-4A56-994E-D42F7E0C3A60}
	EndGlobalSection
EndGlobal
